
Microsoft Visual Studio Solution File, Format Version 12.00
# Visual Studio 15
VisualStudioVersion = 15.0.26124.0
MinimumVisualStudioVersion = 15.0.26124.0
Project("{2150E333-8FDC-42A3-9474-1A3956D46DE8}") = "src", "src", "{4F6CC07D-E376-436A-9778-1B59D3C6422B}"
EndProject
Project("{FAE04EC0-301F-11D3-BF4B-00C04F79EFBC}") = "WebApp", "src\WebApp\WebApp.csproj", "{D1240376-F6E1-4524-9648-A07FEFECA2B8}"
EndProject
Project("{FAE04EC0-301F-11D3-BF4B-00C04F79EFBC}") = "Business", "src\Business\Business.csproj", "{44480687-25B5-483E-93D7-B0FD4FB185E8}"
EndProject
Project("{FAE04EC0-301F-11D3-BF4B-00C04F79EFBC}") = "Data", "src\Data\Data.csproj", "{E723EFBD-1C8B-4D3F-89A8-E60B85B5D48B}"
EndProject
Global
	GlobalSection(SolutionConfigurationPlatforms) = preSolution
		Debug|Any CPU = Debug|Any CPU
		Debug|x64 = Debug|x64
		Debug|x86 = Debug|x86
		Release|Any CPU = Release|Any CPU
		Release|x64 = Release|x64
		Release|x86 = Release|x86
	EndGlobalSection
	GlobalSection(SolutionProperties) = preSolution
		HideSolutionNode = FALSE
	EndGlobalSection
	GlobalSection(ProjectConfigurationPlatforms) = postSolution
		{D1240376-F6E1-4524-9648-A07FEFECA2B8}.Debug|Any CPU.ActiveCfg = Debug|Any CPU
		{D1240376-F6E1-4524-9648-A07FEFECA2B8}.Debug|Any CPU.Build.0 = Debug|Any CPU
		{D1240376-F6E1-4524-9648-A07FEFECA2B8}.Debug|x64.ActiveCfg = Debug|Any CPU
		{D1240376-F6E1-4524-9648-A07FEFECA2B8}.Debug|x64.Build.0 = Debug|Any CPU
		{D1240376-F6E1-4524-9648-A07FEFECA2B8}.Debug|x86.ActiveCfg = Debug|Any CPU
		{D1240376-F6E1-4524-9648-A07FEFECA2B8}.Debug|x86.Build.0 = Debug|Any CPU
		{D1240376-F6E1-4524-9648-A07FEFECA2B8}.Release|Any CPU.ActiveCfg = Release|Any CPU
		{D1240376-F6E1-4524-9648-A07FEFECA2B8}.Release|Any CPU.Build.0 = Release|Any CPU
		{D1240376-F6E1-4524-9648-A07FEFECA2B8}.Release|x64.ActiveCfg = Release|Any CPU
		{D1240376-F6E1-4524-9648-A07FEFECA2B8}.Release|x64.Build.0 = Release|Any CPU
		{D1240376-F6E1-4524-9648-A07FEFECA2B8}.Release|x86.ActiveCfg = Release|Any CPU
		{D1240376-F6E1-4524-9648-A07FEFECA2B8}.Release|x86.Build.0 = Release|Any CPU
		{44480687-25B5-483E-93D7-B0FD4FB185E8}.Debug|Any CPU.ActiveCfg = Debug|Any CPU
		{44480687-25B5-483E-93D7-B0FD4FB185E8}.Debug|Any CPU.Build.0 = Debug|Any CPU
		{44480687-25B5-483E-93D7-B0FD4FB185E8}.Debug|x64.ActiveCfg = Debug|Any CPU
		{44480687-25B5-483E-93D7-B0FD4FB185E8}.Debug|x64.Build.0 = Debug|Any CPU
		{44480687-25B5-483E-93D7-B0FD4FB185E8}.Debug|x86.ActiveCfg = Debug|Any CPU
		{44480687-25B5-483E-93D7-B0FD4FB185E8}.Debug|x86.Build.0 = Debug|Any CPU
		{44480687-25B5-483E-93D7-B0FD4FB185E8}.Release|Any CPU.ActiveCfg = Release|Any CPU
		{44480687-25B5-483E-93D7-B0FD4FB185E8}.Release|Any CPU.Build.0 = Release|Any CPU
		{44480687-25B5-483E-93D7-B0FD4FB185E8}.Release|x64.ActiveCfg = Release|Any CPU
		{44480687-25B5-483E-93D7-B0FD4FB185E8}.Release|x64.Build.0 = Release|Any CPU
		{44480687-25B5-483E-93D7-B0FD4FB185E8}.Release|x86.ActiveCfg = Release|Any CPU
		{44480687-25B5-483E-93D7-B0FD4FB185E8}.Release|x86.Build.0 = Release|Any CPU
		{E723EFBD-1C8B-4D3F-89A8-E60B85B5D48B}.Debug|Any CPU.ActiveCfg = Debug|Any CPU
		{E723EFBD-1C8B-4D3F-89A8-E60B85B5D48B}.Debug|Any CPU.Build.0 = Debug|Any CPU
		{E723EFBD-1C8B-4D3F-89A8-E60B85B5D48B}.Debug|x64.ActiveCfg = Debug|Any CPU
		{E723EFBD-1C8B-4D3F-89A8-E60B85B5D48B}.Debug|x64.Build.0 = Debug|Any CPU
		{E723EFBD-1C8B-4D3F-89A8-E60B85B5D48B}.Debug|x86.ActiveCfg = Debug|Any CPU
		{E723EFBD-1C8B-4D3F-89A8-E60B85B5D48B}.Debug|x86.Build.0 = Debug|Any CPU
		{E723EFBD-1C8B-4D3F-89A8-E60B85B5D48B}.Release|Any CPU.ActiveCfg = Release|Any CPU
		{E723EFBD-1C8B-4D3F-89A8-E60B85B5D48B}.Release|Any CPU.Build.0 = Release|Any CPU
		{E723EFBD-1C8B-4D3F-89A8-E60B85B5D48B}.Release|x64.ActiveCfg = Release|Any CPU
		{E723EFBD-1C8B-4D3F-89A8-E60B85B5D48B}.Release|x64.Build.0 = Release|Any CPU
		{E723EFBD-1C8B-4D3F-89A8-E60B85B5D48B}.Release|x86.ActiveCfg = Release|Any CPU
		{E723EFBD-1C8B-4D3F-89A8-E60B85B5D48B}.Release|x86.Build.0 = Release|Any CPU
	EndGlobalSection
	GlobalSection(NestedProjects) = preSolution
		{D1240376-F6E1-4524-9648-A07FEFECA2B8} = {4F6CC07D-E376-436A-9778-1B59D3C6422B}
		{44480687-25B5-483E-93D7-B0FD4FB185E8} = {4F6CC07D-E376-436A-9778-1B59D3C6422B}
		{E723EFBD-1C8B-4D3F-89A8-E60B85B5D48B} = {4F6CC07D-E376-436A-9778-1B59D3C6422B}
	EndGlobalSection
EndGlobal
